
Microsoft Visual Studio Solution File, Format Version 12.00
# Visual Studio Version 16
VisualStudioVersion = 16.0.808.9
MinimumVisualStudioVersion = 10.0.40219.1
Project("{FAE04EC0-301F-11D3-BF4B-00C04F79EFBC}") = "CursoMVC", "CursoMVC\CursoMVC.csproj", "{D6987C75-3903-472D-8671-0128DF2F751A}"
EndProject
Global
	GlobalSection(SolutionConfigurationPlatforms) = preSolution
		Debug|Any CPU = Debug|Any CPU
		Release|Any CPU = Release|Any CPU
	EndGlobalSection
	GlobalSection(ProjectConfigurationPlatforms) = postSolution
		{D6987C75-3903-472D-8671-0128DF2F751A}.Debug|Any CPU.ActiveCfg = Debug|Any CPU
		{D6987C75-3903-472D-8671-0128DF2F751A}.Debug|Any CPU.Build.0 = Debug|Any CPU
		{D6987C75-3903-472D-8671-0128DF2F751A}.Release|Any CPU.ActiveCfg = Release|Any CPU
		{D6987C75-3903-472D-8671-0128DF2F751A}.Release|Any CPU.Build.0 = Release|Any CPU
	EndGlobalSection
	GlobalSection(SolutionProperties) = preSolution
		HideSolutionNode = FALSE
	EndGlobalSection
	GlobalSection(ExtensibilityGlobals) = postSolution
		SolutionGuid = {F37EEBFF-425C-482E-BBF0-BC9F50292DB6}
	EndGlobalSection
EndGlobal
